
Microsoft Visual Studio Solution File, Format Version 12.00
# Visual Studio 15
VisualStudioVersion = 15.0.26730.16
MinimumVisualStudioVersion = 10.0.40219.1
Project("{FAE04EC0-301F-11D3-BF4B-00C04F79EFBC}") = "IntelligentKioskSample", "IntelligentKioskSample.csproj", "{B08D337A-AF9F-4705-B8C1-C7F07FACD8C5}"
EndProject
Project("{FAE04EC0-301F-11D3-BF4B-00C04F79EFBC}") = "IntelligentKioskSample.Azure.Api", "IntelligentKioskSample.Azure.Api\IntelligentKioskSample.Azure.Api.csproj", "{143E2515-08C4-4C1C-9605-0C0935154A07}"
EndProject
Global
	GlobalSection(SolutionConfigurationPlatforms) = preSolution
		CNDebug|Any CPU = CNDebug|Any CPU
		CNDebug|ARM = CNDebug|ARM
		CNDebug|x64 = CNDebug|x64
		CNDebug|x86 = CNDebug|x86
		Debug|Any CPU = Debug|Any CPU
		Debug|ARM = Debug|ARM
		Debug|x64 = Debug|x64
		Debug|x86 = Debug|x86
		Release|Any CPU = Release|Any CPU
		Release|ARM = Release|ARM
		Release|x64 = Release|x64
		Release|x86 = Release|x86
	EndGlobalSection
	GlobalSection(ProjectConfigurationPlatforms) = postSolution
		{B08D337A-AF9F-4705-B8C1-C7F07FACD8C5}.CNDebug|Any CPU.ActiveCfg = Release|x64
		{B08D337A-AF9F-4705-B8C1-C7F07FACD8C5}.CNDebug|Any CPU.Build.0 = Release|x64
		{B08D337A-AF9F-4705-B8C1-C7F07FACD8C5}.CNDebug|Any CPU.Deploy.0 = Release|x64
		{B08D337A-AF9F-4705-B8C1-C7F07FACD8C5}.CNDebug|ARM.ActiveCfg = Debug|ARM
		{B08D337A-AF9F-4705-B8C1-C7F07FACD8C5}.CNDebug|ARM.Build.0 = Debug|ARM
		{B08D337A-AF9F-4705-B8C1-C7F07FACD8C5}.CNDebug|ARM.Deploy.0 = Debug|ARM
		{B08D337A-AF9F-4705-B8C1-C7F07FACD8C5}.CNDebug|x64.ActiveCfg = Debug|x64
		{B08D337A-AF9F-4705-B8C1-C7F07FACD8C5}.CNDebug|x64.Build.0 = Debug|x64
		{B08D337A-AF9F-4705-B8C1-C7F07FACD8C5}.CNDebug|x64.Deploy.0 = Debug|x64
		{B08D337A-AF9F-4705-B8C1-C7F07FACD8C5}.CNDebug|x86.ActiveCfg = Debug|x86
		{B08D337A-AF9F-4705-B8C1-C7F07FACD8C5}.CNDebug|x86.Build.0 = Debug|x86
		{B08D337A-AF9F-4705-B8C1-C7F07FACD8C5}.CNDebug|x86.Deploy.0 = Debug|x86
		{B08D337A-AF9F-4705-B8C1-C7F07FACD8C5}.Debug|Any CPU.ActiveCfg = Debug|x86
		{B08D337A-AF9F-4705-B8C1-C7F07FACD8C5}.Debug|Any CPU.Build.0 = Debug|x86
		{B08D337A-AF9F-4705-B8C1-C7F07FACD8C5}.Debug|Any CPU.Deploy.0 = Debug|x86
		{B08D337A-AF9F-4705-B8C1-C7F07FACD8C5}.Debug|ARM.ActiveCfg = Debug|ARM
		{B08D337A-AF9F-4705-B8C1-C7F07FACD8C5}.Debug|ARM.Build.0 = Debug|ARM
		{B08D337A-AF9F-4705-B8C1-C7F07FACD8C5}.Debug|ARM.Deploy.0 = Debug|ARM
		{B08D337A-AF9F-4705-B8C1-C7F07FACD8C5}.Debug|x64.ActiveCfg = Debug|x64
		{B08D337A-AF9F-4705-B8C1-C7F07FACD8C5}.Debug|x64.Build.0 = Debug|x64
		{B08D337A-AF9F-4705-B8C1-C7F07FACD8C5}.Debug|x64.Deploy.0 = Debug|x64
		{B08D337A-AF9F-4705-B8C1-C7F07FACD8C5}.Debug|x86.ActiveCfg = Debug|x86
		{B08D337A-AF9F-4705-B8C1-C7F07FACD8C5}.Debug|x86.Build.0 = Debug|x86
		{B08D337A-AF9F-4705-B8C1-C7F07FACD8C5}.Debug|x86.Deploy.0 = Debug|x86
		{B08D337A-AF9F-4705-B8C1-C7F07FACD8C5}.Release|Any CPU.ActiveCfg = Release|x86
		{B08D337A-AF9F-4705-B8C1-C7F07FACD8C5}.Release|ARM.ActiveCfg = Release|ARM
		{B08D337A-AF9F-4705-B8C1-C7F07FACD8C5}.Release|ARM.Build.0 = Release|ARM
		{B08D337A-AF9F-4705-B8C1-C7F07FACD8C5}.Release|ARM.Deploy.0 = Release|ARM
		{B08D337A-AF9F-4705-B8C1-C7F07FACD8C5}.Release|x64.ActiveCfg = Release|x64
		{B08D337A-AF9F-4705-B8C1-C7F07FACD8C5}.Release|x64.Build.0 = Release|x64
		{B08D337A-AF9F-4705-B8C1-C7F07FACD8C5}.Release|x64.Deploy.0 = Release|x64
		{B08D337A-AF9F-4705-B8C1-C7F07FACD8C5}.Release|x86.ActiveCfg = Release|x86
		{B08D337A-AF9F-4705-B8C1-C7F07FACD8C5}.Release|x86.Build.0 = Release|x86
		{B08D337A-AF9F-4705-B8C1-C7F07FACD8C5}.Release|x86.Deploy.0 = Release|x86
		{143E2515-08C4-4C1C-9605-0C0935154A07}.CNDebug|Any CPU.ActiveCfg = Debug|Any CPU
		{143E2515-08C4-4C1C-9605-0C0935154A07}.CNDebug|Any CPU.Build.0 = Debug|Any CPU
		{143E2515-08C4-4C1C-9605-0C0935154A07}.CNDebug|ARM.ActiveCfg = Debug|ARM
		{143E2515-08C4-4C1C-9605-0C0935154A07}.CNDebug|ARM.Build.0 = Debug|ARM
		{143E2515-08C4-4C1C-9605-0C0935154A07}.CNDebug|x64.ActiveCfg = Debug|x64
		{143E2515-08C4-4C1C-9605-0C0935154A07}.CNDebug|x64.Build.0 = Debug|x64
		{143E2515-08C4-4C1C-9605-0C0935154A07}.CNDebug|x86.ActiveCfg = Debug|x86
		{143E2515-08C4-4C1C-9605-0C0935154A07}.CNDebug|x86.Build.0 = Debug|x86
		{143E2515-08C4-4C1C-9605-0C0935154A07}.Debug|Any CPU.ActiveCfg = Debug|Any CPU
		{143E2515-08C4-4C1C-9605-0C0935154A07}.Debug|Any CPU.Build.0 = Debug|Any CPU
		{143E2515-08C4-4C1C-9605-0C0935154A07}.Debug|ARM.ActiveCfg = Debug|ARM
		{143E2515-08C4-4C1C-9605-0C0935154A07}.Debug|ARM.Build.0 = Debug|ARM
		{143E2515-08C4-4C1C-9605-0C0935154A07}.Debug|x64.ActiveCfg = Debug|x64
		{143E2515-08C4-4C1C-9605-0C0935154A07}.Debug|x64.Build.0 = Debug|x64
		{143E2515-08C4-4C1C-9605-0C0935154A07}.Debug|x86.ActiveCfg = Debug|x86
		{143E2515-08C4-4C1C-9605-0C0935154A07}.Debug|x86.Build.0 = Debug|x86
		{143E2515-08C4-4C1C-9605-0C0935154A07}.Release|Any CPU.ActiveCfg = Release|Any CPU
		{143E2515-08C4-4C1C-9605-0C0935154A07}.Release|Any CPU.Build.0 = Release|Any CPU
		{143E2515-08C4-4C1C-9605-0C0935154A07}.Release|ARM.ActiveCfg = Release|ARM
		{143E2515-08C4-4C1C-9605-0C0935154A07}.Release|ARM.Build.0 = Release|ARM
		{143E2515-08C4-4C1C-9605-0C0935154A07}.Release|x64.ActiveCfg = Release|x64
		{143E2515-08C4-4C1C-9605-0C0935154A07}.Release|x64.Build.0 = Release|x64
		{143E2515-08C4-4C1C-9605-0C0935154A07}.Release|x86.ActiveCfg = Release|x86
		{143E2515-08C4-4C1C-9605-0C0935154A07}.Release|x86.Build.0 = Release|x86
	EndGlobalSection
	GlobalSection(SolutionProperties) = preSolution
		HideSolutionNode = FALSE
	EndGlobalSection
	GlobalSection(ExtensibilityGlobals) = postSolution
		SolutionGuid = {0D40B7A4-F52A-4794-A524-0C30F838E002}
	EndGlobalSection
EndGlobal
